{
    "version": 3,
    "terraform_version": "0.9.6",
    "serial": 5,
    "lineage": "64958af0-15b9-4030-9d99-eca989a88f12",
    "modules": [
        {
            "path": [
                "root"
            ],
            "outputs": {},
            "resources": {},
            "depends_on": []
        },
        {
            "path": [
                "root",
                "api"
            ],
            "outputs": {},
            "resources": {},
            "depends_on": []
        },
        {
            "path": [
                "root",
                "api-gateway"
            ],
            "outputs": {},
            "resources": {
                "aws_api_gateway_resource.hello_id": {
                    "type": "aws_api_gateway_resource",
                    "depends_on": [
                        "aws_api_gateway_resource.hello_index",
                        "aws_api_gateway_rest_api.rest_api"
                    ],
                    "primary": {
                        "id": "f2e5g5",
                        "attributes": {
                            "id": "f2e5g5",
                            "parent_id": "6p6ds4",
                            "path": "/hello/{id}",
                            "path_part": "{id}",
                            "rest_api_id": "tirtstrn47"
                        },
                        "meta": {},
                        "tainted": false
                    },
                    "deposed": [],
                    "provider": ""
                },
                "aws_api_gateway_resource.hello_index": {
                    "type": "aws_api_gateway_resource",
                    "depends_on": [
                        "aws_api_gateway_rest_api.rest_api"
                    ],
                    "primary": {
                        "id": "6p6ds4",
                        "attributes": {
                            "id": "6p6ds4",
                            "parent_id": "u26bdk0lje",
                            "path": "/hello",
                            "path_part": "hello",
                            "rest_api_id": "tirtstrn47"
                        },
                        "meta": {},
                        "tainted": false
                    },
                    "deposed": [],
                    "provider": ""
                },
                "aws_api_gateway_rest_api.rest_api": {
                    "type": "aws_api_gateway_rest_api",
                    "depends_on": [],
                    "primary": {
                        "id": "tirtstrn47",
                        "attributes": {
                            "binary_media_types.#": "0",
                            "created_date": "2017-06-08T13:58:40Z",
                            "description": "Demonstration of Terraform + API Gateway",
                            "id": "tirtstrn47",
                            "name": "HelloApi",
                            "root_resource_id": "u26bdk0lje"
                        },
                        "meta": {},
                        "tainted": false
                    },
                    "deposed": [],
                    "provider": ""
                }
            },
            "depends_on": []
        },
        {
            "path": [
                "root",
                "api-gateway",
                "create-hello"
            ],
            "outputs": {},
            "resources": {
                "aws_api_gateway_deployment.api_deployment": {
                    "type": "aws_api_gateway_deployment",
                    "depends_on": [
                        "aws_api_gateway_integration.api_integration",
                        "aws_api_gateway_method.api_method"
                    ],
                    "primary": {
                        "id": "gygj4w",
                        "attributes": {
                            "created_date": "2017-06-08T13:58:48Z",
                            "description": "",
                            "execution_arn": "arn:aws:execute-api:us-west-2:745715572008:tirtstrn47/dev",
                            "id": "gygj4w",
                            "invoke_url": "https://tirtstrn47.execute-api.us-west-2.amazonaws.com/dev",
                            "rest_api_id": "tirtstrn47",
                            "stage_name": "dev"
                        },
                        "meta": {},
                        "tainted": false
                    },
                    "deposed": [],
                    "provider": ""
                },
                "aws_api_gateway_integration.api_integration": {
                    "type": "aws_api_gateway_integration",
                    "depends_on": [
                        "aws_api_gateway_method.api_method"
                    ],
                    "primary": {
                        "id": "agi-tirtstrn47-6p6ds4-POST",
                        "attributes": {
                            "http_method": "POST",
                            "id": "agi-tirtstrn47-6p6ds4-POST",
                            "integration_http_method": "POST",
                            "passthrough_behavior": "WHEN_NO_MATCH",
                            "request_parameters.%": "0",
                            "request_templates.%": "0",
                            "resource_id": "6p6ds4",
                            "rest_api_id": "tirtstrn47",
                            "type": "AWS_PROXY",
                            "uri": "arn:aws:apigateway:us-west-2:lambda:path/2015-03-31/functions/arn:aws:lambda:us-west-2:745715572008:function:hello-api-demo-dev-create-hello/invocations"
                        },
                        "meta": {},
                        "tainted": false
                    },
                    "deposed": [],
                    "provider": ""
                },
                "aws_api_gateway_method.api_method": {
                    "type": "aws_api_gateway_method",
                    "depends_on": [],
                    "primary": {
                        "id": "agm-tirtstrn47-6p6ds4-POST",
                        "attributes": {
                            "api_key_required": "false",
                            "authorization": "NONE",
                            "authorizer_id": "",
                            "http_method": "POST",
                            "id": "agm-tirtstrn47-6p6ds4-POST",
                            "request_models.%": "0",
                            "request_parameters.%": "0",
                            "resource_id": "6p6ds4",
                            "rest_api_id": "tirtstrn47"
                        },
                        "meta": {},
                        "tainted": false
                    },
                    "deposed": [],
                    "provider": ""
                },
                "aws_lambda_permission.api_lambda_permission": {
                    "type": "aws_lambda_permission",
                    "depends_on": [
                        "aws_api_gateway_method.api_method"
                    ],
                    "primary": {
                        "id": "AllowExecutionFromApiGateway",
                        "attributes": {
                            "action": "lambda:InvokeFunction",
                            "function_name": "hello-api-demo-dev-create-hello",
                            "id": "AllowExecutionFromApiGateway",
                            "principal": "apigateway.amazonaws.com",
                            "qualifier": "",
                            "source_arn": "arn:aws:execute-api:us-west-2:745715572008:tirtstrn47/*/POST/hello",
                            "statement_id": "AllowExecutionFromApiGateway"
                        },
                        "meta": {},
                        "tainted": false
                    },
                    "deposed": [],
                    "provider": ""
                }
            },
            "depends_on": []
        },
        {
            "path": [
                "root",
                "api-gateway",
                "index-hello"
            ],
            "outputs": {},
            "resources": {
                "aws_api_gateway_deployment.api_deployment": {
                    "type": "aws_api_gateway_deployment",
                    "depends_on": [
                        "aws_api_gateway_integration.api_integration",
                        "aws_api_gateway_method.api_method"
                    ],
                    "primary": {
                        "id": "dqy0u3",
                        "attributes": {
                            "created_date": "2017-06-08T14:12:25Z",
                            "description": "",
                            "execution_arn": "arn:aws:execute-api:us-west-2:745715572008:tirtstrn47/dev",
                            "id": "dqy0u3",
                            "invoke_url": "https://tirtstrn47.execute-api.us-west-2.amazonaws.com/dev",
                            "rest_api_id": "tirtstrn47",
                            "stage_name": "dev"
                        },
                        "meta": {},
                        "tainted": false
                    },
                    "deposed": [],
                    "provider": ""
                },
                "aws_api_gateway_integration.api_integration": {
                    "type": "aws_api_gateway_integration",
                    "depends_on": [
                        "aws_api_gateway_method.api_method"
                    ],
                    "primary": {
                        "id": "agi-tirtstrn47-6p6ds4-GET",
                        "attributes": {
                            "http_method": "GET",
                            "id": "agi-tirtstrn47-6p6ds4-GET",
                            "integration_http_method": "POST",
                            "passthrough_behavior": "WHEN_NO_MATCH",
                            "request_parameters.%": "0",
                            "request_templates.%": "0",
                            "resource_id": "6p6ds4",
                            "rest_api_id": "tirtstrn47",
                            "type": "AWS_PROXY",
                            "uri": "arn:aws:apigateway:us-west-2:lambda:path/2015-03-31/functions/arn:aws:lambda:us-west-2:745715572008:function:hello-api-demo-dev-index-hello/invocations"
                        },
                        "meta": {},
                        "tainted": false
                    },
                    "deposed": [],
                    "provider": ""
                },
                "aws_api_gateway_method.api_method": {
                    "type": "aws_api_gateway_method",
                    "depends_on": [],
                    "primary": {
                        "id": "agm-tirtstrn47-6p6ds4-GET",
                        "attributes": {
                            "api_key_required": "false",
                            "authorization": "NONE",
                            "authorizer_id": "",
                            "http_method": "GET",
                            "id": "agm-tirtstrn47-6p6ds4-GET",
                            "request_models.%": "0",
                            "request_parameters.%": "0",
                            "resource_id": "6p6ds4",
                            "rest_api_id": "tirtstrn47"
                        },
                        "meta": {},
                        "tainted": false
                    },
                    "deposed": [],
                    "provider": ""
                },
                "aws_lambda_permission.api_lambda_permission": {
                    "type": "aws_lambda_permission",
                    "depends_on": [
                        "aws_api_gateway_method.api_method"
                    ],
                    "primary": {
                        "id": "AllowExecutionFromApiGateway",
                        "attributes": {
                            "action": "lambda:InvokeFunction",
                            "function_name": "hello-api-demo-dev-index-hello",
                            "id": "AllowExecutionFromApiGateway",
                            "principal": "apigateway.amazonaws.com",
                            "qualifier": "",
                            "source_arn": "arn:aws:execute-api:us-west-2:745715572008:tirtstrn47/*/GET/hello",
                            "statement_id": "AllowExecutionFromApiGateway"
                        },
                        "meta": {},
                        "tainted": false
                    },
                    "deposed": [],
                    "provider": ""
                }
            },
            "depends_on": []
        },
        {
            "path": [
                "root",
                "api-gateway",
                "show-hello"
            ],
            "outputs": {},
            "resources": {
                "aws_api_gateway_deployment.api_deployment": {
                    "type": "aws_api_gateway_deployment",
                    "depends_on": [
                        "aws_api_gateway_integration.api_integration",
                        "aws_api_gateway_method.api_method"
                    ],
                    "primary": {
                        "id": "bosh3a",
                        "attributes": {
                            "created_date": "2017-06-08T14:12:25Z",
                            "description": "",
                            "execution_arn": "arn:aws:execute-api:us-west-2:745715572008:tirtstrn47/dev",
                            "id": "bosh3a",
                            "invoke_url": "https://tirtstrn47.execute-api.us-west-2.amazonaws.com/dev",
                            "rest_api_id": "tirtstrn47",
                            "stage_name": "dev"
                        },
                        "meta": {},
                        "tainted": false
                    },
                    "deposed": [],
                    "provider": ""
                },
                "aws_api_gateway_integration.api_integration": {
                    "type": "aws_api_gateway_integration",
                    "depends_on": [
                        "aws_api_gateway_method.api_method"
                    ],
                    "primary": {
                        "id": "agi-tirtstrn47-f2e5g5-GET",
                        "attributes": {
                            "http_method": "GET",
                            "id": "agi-tirtstrn47-f2e5g5-GET",
                            "integration_http_method": "POST",
                            "passthrough_behavior": "WHEN_NO_MATCH",
                            "request_parameters.%": "0",
                            "request_templates.%": "0",
                            "resource_id": "f2e5g5",
                            "rest_api_id": "tirtstrn47",
                            "type": "AWS_PROXY",
                            "uri": "arn:aws:apigateway:us-west-2:lambda:path/2015-03-31/functions/arn:aws:lambda:us-west-2:745715572008:function:hello-api-demo-dev-show-hello/invocations"
                        },
                        "meta": {},
                        "tainted": false
                    },
                    "deposed": [],
                    "provider": ""
                },
                "aws_api_gateway_method.api_method": {
                    "type": "aws_api_gateway_method",
                    "depends_on": [],
                    "primary": {
                        "id": "agm-tirtstrn47-f2e5g5-GET",
                        "attributes": {
                            "api_key_required": "false",
                            "authorization": "NONE",
                            "authorizer_id": "",
                            "http_method": "GET",
                            "id": "agm-tirtstrn47-f2e5g5-GET",
                            "request_models.%": "0",
                            "request_parameters.%": "0",
                            "resource_id": "f2e5g5",
                            "rest_api_id": "tirtstrn47"
                        },
                        "meta": {},
                        "tainted": false
                    },
                    "deposed": [],
                    "provider": ""
                },
                "aws_lambda_permission.api_lambda_permission": {
                    "type": "aws_lambda_permission",
                    "depends_on": [
                        "aws_api_gateway_method.api_method"
                    ],
                    "primary": {
                        "id": "AllowExecutionFromApiGateway",
                        "attributes": {
                            "action": "lambda:InvokeFunction",
                            "function_name": "hello-api-demo-dev-show-hello",
                            "id": "AllowExecutionFromApiGateway",
                            "principal": "apigateway.amazonaws.com",
                            "qualifier": "",
                            "source_arn": "arn:aws:execute-api:us-west-2:745715572008:tirtstrn47/*/GET/hello/{id}",
                            "statement_id": "AllowExecutionFromApiGateway"
                        },
                        "meta": {},
                        "tainted": false
                    },
                    "deposed": [],
                    "provider": ""
                }
            },
            "depends_on": []
        },
        {
            "path": [
                "root",
                "api-gateway",
                "update-hello"
            ],
            "outputs": {},
            "resources": {
                "aws_api_gateway_deployment.api_deployment": {
                    "type": "aws_api_gateway_deployment",
                    "depends_on": [
                        "aws_api_gateway_integration.api_integration",
                        "aws_api_gateway_method.api_method"
                    ],
                    "primary": {
                        "id": "5a1247",
                        "attributes": {
                            "created_date": "2017-06-08T14:14:28Z",
                            "description": "",
                            "execution_arn": "arn:aws:execute-api:us-west-2:745715572008:tirtstrn47/dev",
                            "id": "5a1247",
                            "invoke_url": "https://tirtstrn47.execute-api.us-west-2.amazonaws.com/dev",
                            "rest_api_id": "tirtstrn47",
                            "stage_name": "dev"
                        },
                        "meta": {},
                        "tainted": false
                    },
                    "deposed": [],
                    "provider": ""
                },
                "aws_api_gateway_integration.api_integration": {
                    "type": "aws_api_gateway_integration",
                    "depends_on": [
                        "aws_api_gateway_method.api_method"
                    ],
                    "primary": {
                        "id": "agi-tirtstrn47-f2e5g5-PATCH",
                        "attributes": {
                            "http_method": "PATCH",
                            "id": "agi-tirtstrn47-f2e5g5-PATCH",
                            "integration_http_method": "POST",
                            "passthrough_behavior": "WHEN_NO_MATCH",
                            "request_parameters.%": "0",
                            "request_templates.%": "0",
                            "resource_id": "f2e5g5",
                            "rest_api_id": "tirtstrn47",
                            "type": "AWS_PROXY",
                            "uri": "arn:aws:apigateway:us-west-2:lambda:path/2015-03-31/functions/arn:aws:lambda:us-west-2:745715572008:function:hello-api-demo-dev-update-hello/invocations"
                        },
                        "meta": {},
                        "tainted": false
                    },
                    "deposed": [],
                    "provider": ""
                },
                "aws_api_gateway_method.api_method": {
                    "type": "aws_api_gateway_method",
                    "depends_on": [],
                    "primary": {
                        "id": "agm-tirtstrn47-f2e5g5-PATCH",
                        "attributes": {
                            "api_key_required": "false",
                            "authorization": "NONE",
                            "http_method": "PATCH",
                            "id": "agm-tirtstrn47-f2e5g5-PATCH",
                            "resource_id": "f2e5g5",
                            "rest_api_id": "tirtstrn47"
                        },
                        "meta": {},
                        "tainted": false
                    },
                    "deposed": [],
                    "provider": ""
                },
                "aws_lambda_permission.api_lambda_permission": {
                    "type": "aws_lambda_permission",
                    "depends_on": [
                        "aws_api_gateway_method.api_method"
                    ],
                    "primary": {
                        "id": "AllowExecutionFromApiGateway",
                        "attributes": {
                            "action": "lambda:InvokeFunction",
                            "function_name": "hello-api-demo-dev-update-hello",
                            "id": "AllowExecutionFromApiGateway",
                            "principal": "apigateway.amazonaws.com",
                            "qualifier": "",
                            "source_arn": "arn:aws:execute-api:us-west-2:745715572008:tirtstrn47/*/PATCH/hello/{id}",
                            "statement_id": "AllowExecutionFromApiGateway"
                        },
                        "meta": {},
                        "tainted": false
                    },
                    "deposed": [],
                    "provider": ""
                }
            },
            "depends_on": []
        }
    ]
}
