{
    "version": 3,
    "terraform_version": "0.9.6",
    "serial": 1,
    "lineage": "64958af0-15b9-4030-9d99-eca989a88f12",
    "modules": [
        {
            "path": [
                "root"
            ],
            "outputs": {},
            "resources": {},
            "depends_on": []
        },
        {
            "path": [
                "root",
                "api"
            ],
            "outputs": {},
            "resources": {
                "aws_api_gateway_deployment.api_deployment": {
                    "type": "aws_api_gateway_deployment",
                    "depends_on": [
                        "aws_api_gateway_integration.api_integration",
                        "aws_api_gateway_method.api_method",
                        "aws_api_gateway_rest_api.rest_api"
                    ],
                    "primary": {
                        "id": "iwlwhb",
                        "attributes": {
                            "created_date": "2017-06-03T18:45:21Z",
                            "description": "",
                            "execution_arn": "arn:aws:execute-api:us-east-2:745715572008:kv3kvgixwf/dev",
                            "id": "iwlwhb",
                            "invoke_url": "https://kv3kvgixwf.execute-api.us-east-2.amazonaws.com/dev",
                            "rest_api_id": "kv3kvgixwf",
                            "stage_name": "dev"
                        },
                        "meta": {},
                        "tainted": false
                    },
                    "deposed": [],
                    "provider": ""
                },
                "aws_api_gateway_integration.api_integration": {
                    "type": "aws_api_gateway_integration",
                    "depends_on": [
                        "aws_api_gateway_method.api_method",
                        "aws_api_gateway_resource.api_resource",
                        "aws_api_gateway_rest_api.rest_api"
                    ],
                    "primary": {
                        "id": "agi-kv3kvgixwf-invdkp-GET",
                        "attributes": {
                            "http_method": "GET",
                            "id": "agi-kv3kvgixwf-invdkp-GET",
                            "integration_http_method": "POST",
                            "passthrough_behavior": "WHEN_NO_MATCH",
                            "request_parameters.%": "0",
                            "request_templates.%": "0",
                            "resource_id": "invdkp",
                            "rest_api_id": "kv3kvgixwf",
                            "type": "AWS_PROXY",
                            "uri": "arn:aws:apigateway:us-east-2:lambda:path/2015-03-31/functions/arn:aws:lambda:us-east-2:745715572008:function:hello-dev-hello/invocations"
                        },
                        "meta": {},
                        "tainted": false
                    },
                    "deposed": [],
                    "provider": ""
                },
                "aws_api_gateway_method.api_method": {
                    "type": "aws_api_gateway_method",
                    "depends_on": [
                        "aws_api_gateway_resource.api_resource",
                        "aws_api_gateway_rest_api.rest_api"
                    ],
                    "primary": {
                        "id": "agm-kv3kvgixwf-invdkp-GET",
                        "attributes": {
                            "api_key_required": "false",
                            "authorization": "NONE",
                            "authorizer_id": "",
                            "http_method": "GET",
                            "id": "agm-kv3kvgixwf-invdkp-GET",
                            "request_models.%": "0",
                            "request_parameters.%": "0",
                            "resource_id": "invdkp",
                            "rest_api_id": "kv3kvgixwf"
                        },
                        "meta": {},
                        "tainted": false
                    },
                    "deposed": [],
                    "provider": ""
                },
                "aws_api_gateway_resource.api_resource": {
                    "type": "aws_api_gateway_resource",
                    "depends_on": [
                        "aws_api_gateway_rest_api.rest_api"
                    ],
                    "primary": {
                        "id": "invdkp",
                        "attributes": {
                            "id": "invdkp",
                            "parent_id": "jslve6bhdi",
                            "path": "/hello",
                            "path_part": "hello",
                            "rest_api_id": "kv3kvgixwf"
                        },
                        "meta": {},
                        "tainted": false
                    },
                    "deposed": [],
                    "provider": ""
                },
                "aws_api_gateway_rest_api.rest_api": {
                    "type": "aws_api_gateway_rest_api",
                    "depends_on": [],
                    "primary": {
                        "id": "kv3kvgixwf",
                        "attributes": {
                            "binary_media_types.#": "0",
                            "created_date": "2017-06-03T18:45:11Z",
                            "description": "This is an API to proof the concept of creating API gateway with Terraform",
                            "id": "kv3kvgixwf",
                            "name": "HelloApi",
                            "root_resource_id": "jslve6bhdi"
                        },
                        "meta": {},
                        "tainted": false
                    },
                    "deposed": [],
                    "provider": ""
                },
                "aws_lambda_permission.allow_api_gateway": {
                    "type": "aws_lambda_permission",
                    "depends_on": [
                        "aws_api_gateway_method.api_method",
                        "aws_api_gateway_resource.api_resource",
                        "aws_api_gateway_rest_api.rest_api"
                    ],
                    "primary": {
                        "id": "AllowExecutionFromApiGateway",
                        "attributes": {
                            "action": "lambda:InvokeFunction",
                            "function_name": "hello-dev-hello",
                            "id": "AllowExecutionFromApiGateway",
                            "principal": "apigateway.amazonaws.com",
                            "qualifier": "",
                            "source_arn": "arn:aws:execute-api:us-east-2:745715572008:kv3kvgixwf/*/GET/hello",
                            "statement_id": "AllowExecutionFromApiGateway"
                        },
                        "meta": {},
                        "tainted": false
                    },
                    "deposed": [],
                    "provider": ""
                }
            },
            "depends_on": []
        }
    ]
}
